github.com/FortAwesome/Font-Awesome v0.0.0-20260210181720-337dd2045d56 h1:wZEHFCO5SVesIEn1oBuo3ltK7stDYViJsNT2aGRSXN4=
github.com/FortAwesome/Font-Awesome v0.0.0-20260210181720-337dd2045d56/go.mod h1:IUgezN/MFpCDIlFezw3L8j83oeiIuYoj28Miwr/KUYo=
github.com/airbnb/lottie-web v5.13.0+incompatible h1:plBV5Uq/F1kK0EC61Hr0cBGReI9OgUfd/pp0baoDX8o=
github.com/airbnb/lottie-web v5.13.0+incompatible/go.mod h1:nTss557UK9FGnp8QYlCMO29tjUHwbdAHG/DprbGfHGE=
github.com/cloudcannon/bookshop/hugo/v3 v3.18.2 h1:j3XUvvuCv/7SfGKzd7gzb3WEgs1DurqTRDe7gdMAAvU=
github.com/cloudcannon/bookshop/hugo/v3 v3.18.2/go.mod h1:s7mIonDhtsLcn10ZKuVXyqd6BDHI8vT1WQhZw8rPfY8=
github.com/cloudcannon/bookshop/hugo/v3 v3.18.5 h1:AKWzUQpWcBSbJgHQ/5cfPQtGX40bn8vbHBGk4rlHEGE=
github.com/cloudcannon/bookshop/hugo/v3 v3.18.5/go.mod h1:s7mIonDhtsLcn10ZKuVXyqd6BDHI8vT1WQhZw8rPfY8=
github.com/cloudcannon/bookshop/hugo/v3 v3.19.0 h1:khb65FKbLXMWvm34OULEpKReCwNzE5rY1/bnC+rpMwI=
github.com/cloudcannon/bookshop/hugo/v3 v3.19.0/go.mod h1:s7mIonDhtsLcn10ZKuVXyqd6BDHI8vT1WQhZw8rPfY8=
github.com/gethinode/hinode/v2 v2.12.1 h1:eISoR8Sh6rIE6J5jqvkQFVr8f76KkezL+KicpeXRU7A=
github.com/gethinode/hinode/v2 v2.12.1/go.mod h1:69RSie5ub0JGbTr+WtHZNLLaU0JNDhzPHdJAbxuykjE=
github.com/gethinode/hinode/v2 v2.20.0 h1:WSfhRbJaK3NEB34T7dZMJhq8YvseBapn3cOFFYfXURs=
github.com/gethinode/hinode/v2 v2.20.0/go.mod h1:TgOeFsqFMU2iboO+iMk/JRq6yZiOQXWl/oXBtIm1+3w=
github.com/gethinode/mod-blocks v1.22.1 h1:akTuUmBbC81SvgfVIRXCu/g4UuelEYnlhjYNVmyE2UM=
github.com/gethinode/mod-blocks v1.22.1/go.mod h1:7a0rJUYtWi9HJZ6sf/7aiuZiVnMxh/r8ZuArv0ELlbM=
github.com/gethinode/mod-blocks v1.24.0 h1:QVKs3yh6CwrqdtCyZhagwaDQxa+gUlyq2KhYEWuq1k4=
github.com/gethinode/mod-blocks v1.24.0/go.mod h1:fPJnt8bW7dk7S1xPGStwqpHnzIGwETnN4SBmvLPoZa0=
github.com/gethinode/mod-bootstrap v1.3.6 h1:TMNifG5iV6PrrvHPfcIu1Urfdisae/bXmaY1RPhfIIU=
github.com/gethinode/mod-bootstrap v1.3.6/go.mod h1:CxrYCFzKtBMz3YWG5i/d5jHKCgvUo60NFcCmz2mxCjQ=
github.com/gethinode/mod-bootstrap v1.3.7 h1:rbjOg//q7dbsM+TkDQLsyk9LKv93D1RUjtcSkvV55UU=
github.com/gethinode/mod-bootstrap v1.3.7/go.mod h1:CxrYCFzKtBMz3YWG5i/d5jHKCgvUo60NFcCmz2mxCjQ=
github.com/gethinode/mod-bootstrap v1.5.0 h1:vpcbnNA315kClDeWviL/4yWKt1k1oaxI7Z8HxcoHnpQ=
github.com/gethinode/mod-bootstrap v1.5.0/go.mod h1:CxrYCFzKtBMz3YWG5i/d5jHKCgvUo60NFcCmz2mxCjQ=
github.com/gethinode/mod-csp v1.0.9 h1:Bt4agpC/Wy56Gabt8Ox2LbNoj2yrSYXCzY2o69D3dPA=
github.com/gethinode/mod-csp v1.0.9/go.mod h1:Nb22QMicoUHgZQUKP5TCgVrSI8K3KU7jLuLBShmotjg=
github.com/gethinode/mod-csp v1.0.11 h1:kQKQWF0UL/RT8m5t+VBbTGyo2vTWmCwVXKrHDuCwCU4=
github.com/gethinode/mod-csp v1.0.11/go.mod h1:Nb22QMicoUHgZQUKP5TCgVrSI8K3KU7jLuLBShmotjg=
github.com/gethinode/mod-csp v1.0.13 h1:d1lJTl6/ooPYYQEa/Trn3O4cWx70yV1GYBi9ctGNYrU=
github.com/gethinode/mod-csp v1.0.13/go.mod h1:Nb22QMicoUHgZQUKP5TCgVrSI8K3KU7jLuLBShmotjg=
github.com/gethinode/mod-flexsearch/v4 v4.3.1 h1:5i/DPWICh/fP1gg9x0bbrh192J3YDJA0VOCPxEJ66E8=
github.com/gethinode/mod-flexsearch/v4 v4.3.1/go.mod h1:v/6gSW2NeYuWs1JNS7FrBpSYwoNDDP9cARV8lrcv6rI=
github.com/gethinode/mod-flexsearch/v4 v4.3.3 h1:/h900BK1zmfI3NQ/xp6srFNnPABiJhVaAg+xhiN+v1U=
github.com/gethinode/mod-flexsearch/v4 v4.3.3/go.mod h1:+aa5mmNfFHnqb30AoAWVRx/SQJMjEN98OleVMcmGLjA=
github.com/gethinode/mod-fontawesome/v5 v5.1.1 h1:zYjqzFMj2JdYyvRrigIAs8+LIspQ0XSRmi9f1orQm0Q=
github.com/gethinode/mod-fontawesome/v5 v5.1.1/go.mod h1:DZi1UIZLFO9Og2pkrsyTRad85PoFEEwSwiPd7kk28IA=
github.com/gethinode/mod-google-analytics/v2 v2.0.1 h1:WNI8e06Bl1pLYrt1Adwuk4KtU9uVrJmO+KZxggIcI0M=
github.com/gethinode/mod-google-analytics/v2 v2.0.1/go.mod h1:y4ZlacA8FSXjmvn9P8cZshOrBB5Wc+3p0DKSehkk+8E=
github.com/gethinode/mod-google-analytics/v2 v2.0.3 h1:G2uwsOmgpjNA0Zcftvzlz++qXCFb5DMn5e54H3GZnUA=
github.com/gethinode/mod-google-analytics/v2 v2.0.3/go.mod h1:y4ZlacA8FSXjmvn9P8cZshOrBB5Wc+3p0DKSehkk+8E=
github.com/gethinode/mod-google-analytics/v2 v2.0.4 h1:ONEUjhfVR6p+Y/XyU3BUGXZy4+HAkJvGo+mr24ugklY=
github.com/gethinode/mod-google-analytics/v2 v2.0.4/go.mod h1:y4ZlacA8FSXjmvn9P8cZshOrBB5Wc+3p0DKSehkk+8E=
github.com/gethinode/mod-katex v1.1.4 h1:HWc45uHKX2JhI624UnA46LCZkLGhSbaq+zAHt9e57zw=
github.com/gethinode/mod-katex v1.1.4/go.mod h1:byAfpI3wuqNJIooTGVEGc1cjBhhCy4+CcK1H6495MYg=
github.com/gethinode/mod-katex v1.1.5 h1:Fp0BGdf3m9xWOQHx1hILi78gpNHRwdTpruQpLHpTCFw=
github.com/gethinode/mod-katex v1.1.5/go.mod h1:byAfpI3wuqNJIooTGVEGc1cjBhhCy4+CcK1H6495MYg=
github.com/gethinode/mod-katex v1.1.7 h1:L2kNwzaerFRESS7nEZsvaMArpisc3iowBwKoaGQ1UII=
github.com/gethinode/mod-katex v1.1.7/go.mod h1:ln7664LD/SlluqAjGf32MRSbVXBOn+nJaTx00mzugE8=
github.com/gethinode/mod-leaflet/v2 v2.1.0 h1:UNatsksPPPU3jtB1DD0o59o2B2iGfkdgWOWn/g4jT10=
github.com/gethinode/mod-leaflet/v2 v2.1.0/go.mod h1:A9Inp9uwSDD6vW8uYVVGl6eXGMe+j3ESOxV4T53HOaM=
github.com/gethinode/mod-leaflet/v2 v2.1.1 h1:8g0T9hN036LsCaXFkehDlzFbEpAlSYrzxSpbhSLrRr8=
github.com/gethinode/mod-leaflet/v2 v2.1.1/go.mod h1:A9Inp9uwSDD6vW8uYVVGl6eXGMe+j3ESOxV4T53HOaM=
github.com/gethinode/mod-lottie/v2 v2.1.0 h1:d0ViSsZr8idst7/zWTjCHp93jdX9fPHeGaAHEhi7lO4=
github.com/gethinode/mod-lottie/v2 v2.1.0/go.mod h1:QFnp51I+PvZDeqI8jxETVffIjRmibNYQixkUmZxKivM=
github.com/gethinode/mod-lottie/v2 v2.1.2 h1:6ckLvZ/zCugdFtXSLeLviz38sTwAwYa1EuGqErcjyq0=
github.com/gethinode/mod-lottie/v2 v2.1.2/go.mod h1:9+IlgdD7WEmmrPM4OY8Uy66o86tv9MLR1lImDEiCcrw=
github.com/gethinode/mod-mermaid/v4 v4.5.1 h1:uH9yOmgZ4PBzUZ0DhOxEQ9tDqekZpNHmGmck9kGJQe0=
github.com/gethinode/mod-mermaid/v4 v4.5.1/go.mod h1:cfx52e/H2+Dd9YJvq1EY15oc/rH0GzwEm7saj1Er1ko=
github.com/gethinode/mod-mermaid/v4 v4.10.1 h1:wXAvq48rMp7p4HXg03rI18cxPfmov4LWuUkcAM03sEA=
github.com/gethinode/mod-mermaid/v4 v4.10.1/go.mod h1:oZoG4GfNy3pjj7dvevrjXYjeJe86RHFaNN74z86e3V0=
github.com/gethinode/mod-simple-datatables/v3 v3.1.0 h1:Or6tEL6X4uzFrc6QaoJtH8ox2KubQyS9nvnoL6vgIKY=
github.com/gethinode/mod-simple-datatables/v3 v3.1.0/go.mod h1:+qFQEqTkD1VT9OeL7SlPp/HG5lNHl8detSf+kzuW5IM=
github.com/gethinode/mod-simple-datatables/v3 v3.1.2 h1:EiZFezmLDKBsbUkhrZqTJlFWJ6vFV+HfdWNM8h/uY6s=
github.com/gethinode/mod-simple-datatables/v3 v3.1.2/go.mod h1:pUU1gcVUmNXgivo1SOFpcB3KYJhljQyfSnArROeIaZo=
github.com/gethinode/mod-utils/v5 v5.23.2 h1:d89TkxTYeOVFdOpCtESmnXE7hQs53zxCwAIes4yNu1E=
github.com/gethinode/mod-utils/v5 v5.23.2/go.mod h1:PwQN4oOjA6k/vet11JueJ9asZMgL0DBa3jyS9tPkBWU=
github.com/gethinode/mod-utils/v5 v5.24.0 h1:dqqRn6qaEehEHZjo74pxbzvVdCn++XuZk18jxeUvwwA=
github.com/gethinode/mod-utils/v5 v5.24.0/go.mod h1:PwQN4oOjA6k/vet11JueJ9asZMgL0DBa3jyS9tPkBWU=
github.com/nextapps-de/flexsearch v0.0.0-20260529083235-f7ed963096a0 h1:QDKcU3q39lFGzdVwM6kgCGnW3ibbMfYIi0Rwl62iJpo=
github.com/nextapps-de/flexsearch v0.0.0-20260529083235-f7ed963096a0/go.mod h1:5GdMfPAXzbA2gXBqTjC6l27kioSYzHlqDMh0+wyx7sU=
github.com/twbs/bootstrap v5.3.8+incompatible h1:eK1fsXP7R/FWFt+sSNmmvUH9usPocf240nWVw7Dh02o=
github.com/twbs/bootstrap v5.3.8+incompatible/go.mod h1:fZTSrkpSf0/HkL0IIJzvVspTt1r9zuf7XlZau8kpcY0=
